
Microsoft Visual Studio Solution File, Format Version 12.00
# Visual Studio Version 16
VisualStudioVersion = 16.0.31205.134
MinimumVisualStudioVersion = 10.0.40219.1
Project("{FAE04EC0-301F-11D3-BF4B-00C04F79EFBC}") = "WebStockMirnaHerrador", "WebStockMirnaHerrador\WebStockMirnaHerrador.csproj", "{DE5BD518-F1CD-47D5-AB91-5F6EF32D9A8D}"
EndProject
Global
	GlobalSection(SolutionConfigurationPlatforms) = preSolution
		Debug|Any CPU = Debug|Any CPU
		Release|Any CPU = Release|Any CPU
	EndGlobalSection
	GlobalSection(ProjectConfigurationPlatforms) = postSolution
		{DE5BD518-F1CD-47D5-AB91-5F6EF32D9A8D}.Debug|Any CPU.ActiveCfg = Debug|Any CPU
		{DE5BD518-F1CD-47D5-AB91-5F6EF32D9A8D}.Debug|Any CPU.Build.0 = Debug|Any CPU
		{DE5BD518-F1CD-47D5-AB91-5F6EF32D9A8D}.Release|Any CPU.ActiveCfg = Release|Any CPU
		{DE5BD518-F1CD-47D5-AB91-5F6EF32D9A8D}.Release|Any CPU.Build.0 = Release|Any CPU
	EndGlobalSection
	GlobalSection(SolutionProperties) = preSolution
		HideSolutionNode = FALSE
	EndGlobalSection
	GlobalSection(ExtensibilityGlobals) = postSolution
		SolutionGuid = {D59D1D05-09CC-42ED-A820-68F81F155B9E}
	EndGlobalSection
EndGlobal
